// !$*UTF8*$!
{
	archiveVersion = 1;
	classes = {
	};
	objectVersion = 50;
	objects = {

/* Begin PBXBuildFile section */
		8BCEE1B120C8F7AE0072709A /* AppDelegate.swift in Sources */ = {isa = PBXBuildFile; fileRef = 8BCEE1B020C8F7AE0072709A /* AppDelegate.swift */; };
		8BCEE1B320C8F7AE0072709A /* ViewController.swift in Sources */ = {isa = PBXBuildFile; fileRef = 8BCEE1B220C8F7AE0072709A /* ViewController.swift */; };
		8BCEE1B620C8F7AE0072709A /* Main.storyboard in Resources */ = {isa = PBXBuildFile; fileRef = 8BCEE1B420C8F7AE0072709A /* Main.storyboard */; };
		8BCEE1B820C8F7B00072709A /* Assets.xcassets in Resources */ = {isa = PBXBuildFile; fileRef = 8BCEE1B720C8F7B00072709A /* Assets.xcassets */; };
		8BCEE1BB20C8F7B00072709A /* LaunchScreen.storyboard in Resources */ = {isa = PBXBuildFile; fileRef = 8BCEE1B920C8F7B00072709A /* LaunchScreen.storyboard */; };
		8BCEE1C320C8FC9F0072709A /* areaList.plist in Resources */ = {isa = PBXBuildFile; fileRef = 8BCEE1C220C8FC9F0072709A /* areaList.plist */; };
/* End PBXBuildFile section */

/* Begin PBXFileReference section */
		8BCEE1AD20C8F7AE0072709A /* SumpleMupTealist.app */ = {isa = PBXFileReference; explicitFileType = wrapper.application; includeInIndex = 0; path = SumpleMupTealist.app; sourceTree = BUILT_PRODUCTS_DIR; };
		8BCEE1B020C8F7AE0072709A /* AppDelegate.swift */ = {isa = PBXFileReference; lastKnownFileType = sourcecode.swift; path = AppDelegate.swift; sourceTree = "<group>"; };
		8BCEE1B220C8F7AE0072709A /* ViewController.swift */ = {isa = PBXFileReference; lastKnownFileType = sourcecode.swift; path = ViewController.swift; sourceTree = "<group>"; };
		8BCEE1B520C8F7AE0072709A /* Base */ = {isa = PBXFileReference; lastKnownFileType = file.storyboard; name = Base; path = Base.lproj/Main.storyboard; sourceTree = "<group>"; };
		8BCEE1B720C8F7B00072709A /* Assets.xcassets */ = {isa = PBXFileReference; lastKnownFileType = folder.assetcatalog; path = Assets.xcassets; sourceTree = "<group>"; };
		8BCEE1BA20C8F7B00072709A /* Base */ = {isa = PBXFileReference; lastKnownFileType = file.storyboard; name = Base; path = Base.lproj/LaunchScreen.storyboard; sourceTree = "<group>"; };
		8BCEE1BC20C8F7B00072709A /* Info.plist */ = {isa = PBXFileReference; lastKnownFileType = text.plist.xml; path = Info.plist; sourceTree = "<group>"; };
		8BCEE1C220C8FC9F0072709A /* areaList.plist */ = {isa = PBXFileReference; lastKnownFileType = text.plist.xml; path = areaList.plist; sourceTree = "<group>"; };
/* End PBXFileReference section */

/* Begin PBXFrameworksBuildPhase section */
		8BCEE1AA20C8F7AE0072709A /* Frameworks */ = {
			isa = PBXFrameworksBuildPhase;
			buildActionMask = 2147483647;
			files = (
			);
			runOnlyForDeploymentPostprocessing = 0;
		};
/* End PBXFrameworksBuildPhase section */

/* Begin PBXGroup section */
		8BCEE1A420C8F7AE0072709A = {
			isa = PBXGroup;
			children = (
				8BCEE1AF20C8F7AE0072709A /* SumpleMupTealist */,
				8BCEE1AE20C8F7AE0072709A /* Products */,
			);
			sourceTree = "<group>";
		};
		8BCEE1AE20C8F7AE0072709A /* Products */ = {
			isa = PBXGroup;
			children = (
				8BCEE1AD20C8F7AE0072709A /* SumpleMupTealist.app */,
			);
			name = Products;
			sourceTree = "<group>";
		};
		8BCEE1AF20C8F7AE0072709A /* SumpleMupTealist */ = {
			isa = PBXGroup;
			children = (
				8BCEE1B020C8F7AE0072709A /* AppDelegate.swift */,
				8BCEE1B220C8F7AE0072709A /* ViewController.swift */,
				8BCEE1B420C8F7AE0072709A /* Main.storyboard */,
				8BCEE1B720C8F7B00072709A /* Assets.xcassets */,
				8BCEE1B920C8F7B00072709A /* LaunchScreen.storyboard */,
				8BCEE1BC20C8F7B00072709A /* Info.plist */,
				8BCEE1C220C8FC9F0072709A /* areaList.plist */,
			);
			path = SumpleMupTealist;
			sourceTree = "<group>";
		};
/* End PBXGroup section */

/* Begin PBXNativeTarget section */
		8BCEE1AC20C8F7AE0072709A /* SumpleMupTealist */ = {
			isa = PBXNativeTarget;
			buildConfigurationList = 8BCEE1BF20C8F7B00072709A /* Build configuration list for PBXNativeTarget "SumpleMupTealist" */;
			buildPhases = (
				8BCEE1A920C8F7AE0072709A /* Sources */,
				8BCEE1AA20C8F7AE0072709A /* Frameworks */,
				8BCEE1AB20C8F7AE0072709A /* Resources */,
			);
			buildRules = (
			);
			dependencies = (
			);
			name = SumpleMupTealist;
			productName = SumpleMupTealist;
			productReference = 8BCEE1AD20C8F7AE0072709A /* SumpleMupTealist.app */;
			productType = "com.apple.product-type.application";
		};
/* End PBXNativeTarget section */

/* Begin PBXProject section */
		8BCEE1A520C8F7AE0072709A /* Project object */ = {
			isa = PBXProject;
			attributes = {
				LastSwiftUpdateCheck = 0930;
				LastUpgradeCheck = 0930;
				ORGANIZATIONNAME = "アポカリプス・ティア";
				TargetAttributes = {
					8BCEE1AC20C8F7AE0072709A = {
						CreatedOnToolsVersion = 9.3.1;
					};
				};
			};
			buildConfigurationList = 8BCEE1A820C8F7AE0072709A /* Build configuration list for PBXProject "SumpleMupTealist" */;
			compatibilityVersion = "Xcode 9.3";
			developmentRegion = en;
			hasScannedForEncodings = 0;
			knownRegions = (
				en,
				Base,
			);
			mainGroup = 8BCEE1A420C8F7AE0072709A;
			productRefGroup = 8BCEE1AE20C8F7AE0072709A /* Products */;
			projectDirPath = "";
			projectRoot = "";
			targets = (
				8BCEE1AC20C8F7AE0072709A /* SumpleMupTealist */,
			);
		};
/* End PBXProject section */

/* Begin PBXResourcesBuildPhase section */
		8BCEE1AB20C8F7AE0072709A /* Resources */ = {
			isa = PBXResourcesBuildPhase;
			buildActionMask = 2147483647;
			files = (
				8BCEE1BB20C8F7B00072709A /* LaunchScreen.storyboard in Resources */,
				8BCEE1C320C8FC9F0072709A /* areaList.plist in Resources */,
				8BCEE1B820C8F7B00072709A /* Assets.xcassets in Resources */,
				8BCEE1B620C8F7AE0072709A /* Main.storyboard in Resources */,
			);
			runOnlyForDeploymentPostprocessing = 0;
		};
/* End PBXResourcesBuildPhase section */

/* Begin PBXSourcesBuildPhase section */
		8BCEE1A920C8F7AE0072709A /* Sources */ = {
			isa = PBXSourcesBuildPhase;
			buildActionMask = 2147483647;
			files = (
				8BCEE1B320C8F7AE0072709A /* ViewController.swift in Sources */,
				8BCEE1B120C8F7AE0072709A /* AppDelegate.swift in Sources */,
			);
			runOnlyForDeploymentPostprocessing = 0;
		};
/* End PBXSourcesBuildPhase section */

/* Begin PBXVariantGroup section */
		8BCEE1B420C8F7AE0072709A /* Main.storyboard */ = {
			isa = PBXVariantGroup;
			children = (
				8BCEE1B520C8F7AE0072709A /* Base */,
			);
			name = Main.storyboard;
			sourceTree = "<group>";
		};
		8BCEE1B920C8F7B00072709A /* LaunchScreen.storyboard */ = {
			isa = PBXVariantGroup;
			children = (
				8BCEE1BA20C8F7B00072709A /* Base */,
			);
			name = LaunchScreen.storyboard;
			sourceTree = "<group>";
		};
/* End PBXVariantGroup section */

/* Begin XCBuildConfiguration section */
		8BCEE1BD20C8F7B00072709A /* Debug */ = {
			isa = XCBuildConfiguration;
			buildSettings = {
				ALWAYS_SEARCH_USER_PATHS = NO;
				CLANG_ANALYZER_NONNULL = YES;
				CLANG_ANALYZER_NUMBER_OBJECT_CONVERSION = YES_AGGRESSIVE;
				CLANG_CXX_LANGUAGE_STANDARD = "gnu++14";
				CLANG_CXX_LIBRARY = "libc++";
				CLANG_ENABLE_MODULES = YES;
				CLANG_ENABLE_OBJC_ARC = YES;
				CLANG_ENABLE_OBJC_WEAK = YES;
				CLANG_WARN_BLOCK_CAPTURE_AUTORELEASING = YES;
				CLANG_WARN_BOOL_CONVERSION = YES;
				CLANG_WARN_COMMA = YES;
				CLANG_WARN_CONSTANT_CONVERSION = YES;
				CLANG_WARN_DEPRECATED_OBJC_IMPLEMENTATIONS = YES;
				CLANG_WARN_DIRECT_OBJC_ISA_USAGE = YES_ERROR;
				CLANG_WARN_DOCUMENTATION_COMMENTS = YES;
				CLANG_WARN_EMPTY_BODY = YES;
				CLANG_WARN_ENUM_CONVERSION = YES;
				CLANG_WARN_INFINITE_RECURSION = YES;
				CLANG_WARN_INT_CONVERSION = YES;
				CLANG_WARN_NON_LITERAL_NULL_CONVERSION = YES;
				CLANG_WARN_OBJC_IMPLICIT_RETAIN_SELF = YES;
				CLANG_WARN_OBJC_LITERAL_CONVERSION = YES;
				CLANG_WARN_OBJC_ROOT_CLASS = YES_ERROR;
				CLANG_WARN_RANGE_LOOP_ANALYSIS = YES;
				CLANG_WARN_STRICT_PROTOTYPES = YES;
				CLANG_WARN_SUSPICIOUS_MOVE = YES;
				CLANG_WARN_UNGUARDED_AVAILABILITY = YES_AGGRESSIVE;
				CLANG_WARN_UNREACHABLE_CODE = YES;
				CLANG_WARN__DUPLICATE_METHOD_MATCH = YES;
				CODE_SIGN_IDENTITY = "iPhone Developer";
				COPY_PHASE_STRIP = NO;
				DEBUG_INFORMATION_FORMAT = dwarf;
				ENABLE_STRICT_OBJC_MSGSEND = YES;
				ENABLE_TESTABILITY = YES;
				GCC_C_LANGUAGE_STANDARD = gnu11;
				GCC_DYNAMIC_NO_PIC = NO;
				GCC_NO_COMMON_BLOCKS = YES;
				GCC_OPTIMIZATION_LEVEL = 0;
				GCC_PREPROCESSOR_DEFINITIONS = (
					"DEBUG=1",
					"$(inherited)",
				);
				GCC_WARN_64_TO_32_BIT_CONVERSION = YES;
				GCC_WARN_ABOUT_RETURN_TYPE = YES_ERROR;
				GCC_WARN_UNDECLARED_SELECTOR = YES;
				GCC_WARN_UNINITIALIZED_AUTOS = YES_AGGRESSIVE;
				GCC_WARN_UNUSED_FUNCTION = YES;
				GCC_WARN_UNUSED_VARIABLE = YES;
				IPHONEOS_DEPLOYMENT_TARGET = 11.3;
				MTL_ENABLE_DEBUG_INFO = YES;
				ONLY_ACTIVE_ARCH = YES;
				SDKROOT = iphoneos;
				SWIFT_ACTIVE_COMPILATION_CONDITIONS = DEBUG;
				SWIFT_OPTIMIZATION_LEVEL = "-Onone";
			};
			name = Debug;
		};
		8BCEE1BE20C8F7B00072709A /* Release */ = {
			isa = XCBuildConfiguration;
			buildSettings = {
				ALWAYS_SEARCH_USER_PATHS = NO;
				CLANG_ANALYZER_NONNULL = YES;
				CLANG_ANALYZER_NUMBER_OBJECT_CONVERSION = YES_AGGRESSIVE;
				CLANG_CXX_LANGUAGE_STANDARD = "gnu++14";
				CLANG_CXX_LIBRARY = "libc++";
				CLANG_ENABLE_MODULES = YES;
				CLANG_ENABLE_OBJC_ARC = YES;
				CLANG_ENABLE_OBJC_WEAK = YES;
				CLANG_WARN_BLOCK_CAPTURE_AUTORELEASING = YES;
				CLANG_WARN_BOOL_CONVERSION = YES;
				CLANG_WARN_COMMA = YES;
				CLANG_WARN_CONSTANT_CONVERSION = YES;
				CLANG_WARN_DEPRECATED_OBJC_IMPLEMENTATIONS = YES;
				CLANG_WARN_DIRECT_OBJC_ISA_USAGE = YES_ERROR;
				CLANG_WARN_DOCUMENTATION_COMMENTS = YES;
				CLANG_WARN_EMPTY_BODY = YES;
				CLANG_WARN_ENUM_CONVERSION = YES;
				CLANG_WARN_INFINITE_RECURSION = YES;
				CLANG_WARN_INT_CONVERSION = YES;
				CLANG_WARN_NON_LITERAL_NULL_CONVERSION = YES;
				CLANG_WARN_OBJC_IMPLICIT_RETAIN_SELF = YES;
				CLANG_WARN_OBJC_LITERAL_CONVERSION = YES;
				CLANG_WARN_OBJC_ROOT_CLASS = YES_ERROR;
				CLANG_WARN_RANGE_LOOP_ANALYSIS = YES;
				CLANG_WARN_STRICT_PROTOTYPES = YES;
				CLANG_WARN_SUSPICIOUS_MOVE = YES;
				CLANG_WARN_UNGUARDED_AVAILABILITY = YES_AGGRESSIVE;
				CLANG_WARN_UNREACHABLE_CODE = YES;
				CLANG_WARN__DUPLICATE_METHOD_MATCH = YES;
				CODE_SIGN_IDENTITY = "iPhone Developer";
				COPY_PHASE_STRIP = NO;
				DEBUG_INFORMATION_FORMAT = "dwarf-with-dsym";
				ENABLE_NS_ASSERTIONS = NO;
				ENABLE_STRICT_OBJC_MSGSEND = YES;
				GCC_C_LANGUAGE_STANDARD = gnu11;
				GCC_NO_COMMON_BLOCKS = YES;
				GCC_WARN_64_TO_32_BIT_CONVERSION = YES;
				GCC_WARN_ABOUT_RETURN_TYPE = YES_ERROR;
				GCC_WARN_UNDECLARED_SELECTOR = YES;
				GCC_WARN_UNINITIALIZED_AUTOS = YES_AGGRESSIVE;
				GCC_WARN_UNUSED_FUNCTION = YES;
				GCC_WARN_UNUSED_VARIABLE = YES;
				IPHONEOS_DEPLOYMENT_TARGET = 11.3;
				MTL_ENABLE_DEBUG_INFO = NO;
				SDKROOT = iphoneos;
				SWIFT_COMPILATION_MODE = wholemodule;
				SWIFT_OPTIMIZATION_LEVEL = "-O";
				VALIDATE_PRODUCT = YES;
			};
			name = Release;
		};
		8BCEE1C020C8F7B00072709A /* Debug */ = {
			isa = XCBuildConfiguration;
			buildSettings = {
				ASSETCATALOG_COMPILER_APPICON_NAME = AppIcon;
				CODE_SIGN_STYLE = Automatic;
				DEVELOPMENT_TEAM = LLTU9CE4D2;
				INFOPLIST_FILE = SumpleMupTealist/Info.plist;
				LD_RUNPATH_SEARCH_PATHS = (
					"$(inherited)",
					"@executable_path/Frameworks",
				);
				PRODUCT_BUNDLE_IDENTIFIER = apokaripusuthia0815.SumpleMupTealist;
				PRODUCT_NAME = "$(TARGET_NAME)";
				SWIFT_VERSION = 4.0;
				TARGETED_DEVICE_FAMILY = "1,2";
			};
			name = Debug;
		};
		8BCEE1C120C8F7B00072709A /* Release */ = {
			isa = XCBuildConfiguration;
			buildSettings = {
				ASSETCATALOG_COMPILER_APPICON_NAME = AppIcon;
				CODE_SIGN_STYLE = Automatic;
				DEVELOPMENT_TEAM = LLTU9CE4D2;
				INFOPLIST_FILE = SumpleMupTealist/Info.plist;
				LD_RUNPATH_SEARCH_PATHS = (
					"$(inherited)",
					"@executable_path/Frameworks",
				);
				PRODUCT_BUNDLE_IDENTIFIER = apokaripusuthia0815.SumpleMupTealist;
				PRODUCT_NAME = "$(TARGET_NAME)";
				SWIFT_VERSION = 4.0;
				TARGETED_DEVICE_FAMILY = "1,2";
			};
			name = Release;
		};
/* End XCBuildConfiguration section */

/* Begin XCConfigurationList section */
		8BCEE1A820C8F7AE0072709A /* Build configuration list for PBXProject "SumpleMupTealist" */ = {
			isa = XCConfigurationList;
			buildConfigurations = (
				8BCEE1BD20C8F7B00072709A /* Debug */,
				8BCEE1BE20C8F7B00072709A /* Release */,
			);
			defaultConfigurationIsVisible = 0;
			defaultConfigurationName = Release;
		};
		8BCEE1BF20C8F7B00072709A /* Build configuration list for PBXNativeTarget "SumpleMupTealist" */ = {
			isa = XCConfigurationList;
			buildConfigurations = (
				8BCEE1C020C8F7B00072709A /* Debug */,
				8BCEE1C120C8F7B00072709A /* Release */,
			);
			defaultConfigurationIsVisible = 0;
			defaultConfigurationName = Release;
		};
/* End XCConfigurationList section */
	};
	rootObject = 8BCEE1A520C8F7AE0072709A /* Project object */;
}
